
Microsoft Visual Studio Solution File, Format Version 12.00
# Visual Studio 15
VisualStudioVersion = 15.0.27428.2027
MinimumVisualStudioVersion = 10.0.40219.1
Project("{FAE04EC0-301F-11D3-BF4B-00C04F79EFBC}") = "Azurewebapiapp", "Azurewebapiapp\Azurewebapiapp.csproj", "{C81AAFD1-6C0C-4CE4-8806-83EDE6216B83}"
EndProject
Global
	GlobalSection(SolutionConfigurationPlatforms) = preSolution
		Debug|Any CPU = Debug|Any CPU
		Release|Any CPU = Release|Any CPU
	EndGlobalSection
	GlobalSection(ProjectConfigurationPlatforms) = postSolution
		{C81AAFD1-6C0C-4CE4-8806-83EDE6216B83}.Debug|Any CPU.ActiveCfg = Debug|Any CPU
		{C81AAFD1-6C0C-4CE4-8806-83EDE6216B83}.Debug|Any CPU.Build.0 = Debug|Any CPU
		{C81AAFD1-6C0C-4CE4-8806-83EDE6216B83}.Release|Any CPU.ActiveCfg = Release|Any CPU
		{C81AAFD1-6C0C-4CE4-8806-83EDE6216B83}.Release|Any CPU.Build.0 = Release|Any CPU
	EndGlobalSection
	GlobalSection(SolutionProperties) = preSolution
		HideSolutionNode = FALSE
	EndGlobalSection
	GlobalSection(ExtensibilityGlobals) = postSolution
		SolutionGuid = {C3882ADE-B67A-4BAE-B4D2-FA046E283DDD}
	EndGlobalSection
EndGlobal
